
Microsoft Visual Studio Solution File, Format Version 12.00
# Visual Studio 15
VisualStudioVersion = 15.0.28010.2026
MinimumVisualStudioVersion = 10.0.40219.1
Project("{FAE04EC0-301F-11D3-BF4B-00C04F79EFBC}") = "projekt1", "projekt1\projekt1.csproj", "{4469BA30-8180-45DE-8781-3B7A905F2A05}"
EndProject
Global
	GlobalSection(SolutionConfigurationPlatforms) = preSolution
		Debug|Any CPU = Debug|Any CPU
		Release|Any CPU = Release|Any CPU
	EndGlobalSection
	GlobalSection(ProjectConfigurationPlatforms) = postSolution
		{4469BA30-8180-45DE-8781-3B7A905F2A05}.Debug|Any CPU.ActiveCfg = Debug|Any CPU
		{4469BA30-8180-45DE-8781-3B7A905F2A05}.Debug|Any CPU.Build.0 = Debug|Any CPU
		{4469BA30-8180-45DE-8781-3B7A905F2A05}.Release|Any CPU.ActiveCfg = Release|Any CPU
		{4469BA30-8180-45DE-8781-3B7A905F2A05}.Release|Any CPU.Build.0 = Release|Any CPU
	EndGlobalSection
	GlobalSection(SolutionProperties) = preSolution
		HideSolutionNode = FALSE
	EndGlobalSection
	GlobalSection(ExtensibilityGlobals) = postSolution
		SolutionGuid = {1FA183A0-EDAA-489A-9B5E-D3626EE22F5E}
	EndGlobalSection
EndGlobal
